{
  "name": "scripts",
  "version": "1.0.0",
  "lockfileVersion": 2,
  "requires": true,
  "packages": {
    "": {
      "name": "scripts",
      "version": "1.0.0",
      "license": "ISC",
      "dependencies": {
        "emoji-datasource": "^15.1.0"
      }
    },
    "node_modules/emoji-datasource": {
      "version": "15.1.0",
      "resolved": "https://registry.npmjs.org/emoji-datasource/-/emoji-datasource-15.1.0.tgz",
      "integrity": "sha512-ZEK2Cdi2TOHDf91duRVQ3ec/+AP9qOnPqE9hyID7TsmNUQss0G3Fr7qMdXKZ+OPDZBvWdsI0vhkhi+LVwuuX3g=="
    }
  },
  "dependencies": {
    "emoji-datasource": {
      "version": "15.1.0",
      "resolved": "https://registry.npmjs.org/emoji-datasource/-/emoji-datasource-15.1.0.tgz",
      "integrity": "sha512-ZEK2Cdi2TOHDf91duRVQ3ec/+AP9qOnPqE9hyID7TsmNUQss0G3Fr7qMdXKZ+OPDZBvWdsI0vhkhi+LVwuuX3g=="
    }
  }
}
