{
  "name": "scripts",
  "version": "1.0.0",
  "lockfileVersion": 2,
  "requires": true,
  "packages": {
    "": {
      "name": "scripts",
      "version": "1.0.0",
      "license": "ISC",
      "dependencies": {
        "emoji-datasource": "^15.1.1"
      }
    },
    "node_modules/emoji-datasource": {
      "version": "15.1.1",
      "resolved": "https://registry.npmjs.org/emoji-datasource/-/emoji-datasource-15.1.1.tgz",
      "integrity": "sha512-63msBI3xkpi7Shs7oTVa6XTSZWuGtFU3Tl3RscPlCCejy2sMBMnnFGDhutZunafGe85MiXM/RRXFVx0YcKnwkA=="
    }
  },
  "dependencies": {
    "emoji-datasource": {
      "version": "15.1.1",
      "resolved": "https://registry.npmjs.org/emoji-datasource/-/emoji-datasource-15.1.1.tgz",
      "integrity": "sha512-63msBI3xkpi7Shs7oTVa6XTSZWuGtFU3Tl3RscPlCCejy2sMBMnnFGDhutZunafGe85MiXM/RRXFVx0YcKnwkA=="
    }
  }
}
