{
  "name": "scripts",
  "version": "1.0.0",
  "lockfileVersion": 2,
  "requires": true,
  "packages": {
    "": {
      "name": "scripts",
      "version": "1.0.0",
      "license": "ISC",
      "dependencies": {
        "emoji-datasource": "^14.0.0"
      }
    },
    "node_modules/emoji-datasource": {
      "version": "14.0.0",
      "resolved": "https://registry.npmjs.org/emoji-datasource/-/emoji-datasource-14.0.0.tgz",
      "integrity": "sha512-SoOv0lSa+9/2X9ulSRDhu2u1zAOaOv5vtMY3OYUDcQCoReEh0/3eQAMuBM9LyD7Hy3G4K7mDPDqVeHUWvy7cow=="
    }
  },
  "dependencies": {
    "emoji-datasource": {
      "version": "14.0.0",
      "resolved": "https://registry.npmjs.org/emoji-datasource/-/emoji-datasource-14.0.0.tgz",
      "integrity": "sha512-SoOv0lSa+9/2X9ulSRDhu2u1zAOaOv5vtMY3OYUDcQCoReEh0/3eQAMuBM9LyD7Hy3G4K7mDPDqVeHUWvy7cow=="
    }
  }
}
